
Microsoft Visual Studio Solution File, Format Version 12.00
# Visual Studio Version 16
VisualStudioVersion = 16.0.31729.503
MinimumVisualStudioVersion = 10.0.40219.1
Project("{FAE04EC0-301F-11D3-BF4B-00C04F79EFBC}") = "PictureColorChangerGUI", "PictureColorChangerGUI\PictureColorChangerGUI.csproj", "{7CF98890-398D-44E4-AFF8-39676DA9337E}"
EndProject
Project("{FAE04EC0-301F-11D3-BF4B-00C04F79EFBC}") = "PictureColorLabel", "PictureColorLabel\PictureColorLabel.csproj", "{1E8FB053-D300-45AA-978E-E63B61BBEBB3}"
EndProject
Global
	GlobalSection(SolutionConfigurationPlatforms) = preSolution
		Debug|Any CPU = Debug|Any CPU
		Release|Any CPU = Release|Any CPU
	EndGlobalSection
	GlobalSection(ProjectConfigurationPlatforms) = postSolution
		{7CF98890-398D-44E4-AFF8-39676DA9337E}.Debug|Any CPU.ActiveCfg = Debug|Any CPU
		{7CF98890-398D-44E4-AFF8-39676DA9337E}.Debug|Any CPU.Build.0 = Debug|Any CPU
		{7CF98890-398D-44E4-AFF8-39676DA9337E}.Release|Any CPU.ActiveCfg = Release|Any CPU
		{7CF98890-398D-44E4-AFF8-39676DA9337E}.Release|Any CPU.Build.0 = Release|Any CPU
		{1E8FB053-D300-45AA-978E-E63B61BBEBB3}.Debug|Any CPU.ActiveCfg = Debug|Any CPU
		{1E8FB053-D300-45AA-978E-E63B61BBEBB3}.Debug|Any CPU.Build.0 = Debug|Any CPU
		{1E8FB053-D300-45AA-978E-E63B61BBEBB3}.Release|Any CPU.ActiveCfg = Release|Any CPU
		{1E8FB053-D300-45AA-978E-E63B61BBEBB3}.Release|Any CPU.Build.0 = Release|Any CPU
	EndGlobalSection
	GlobalSection(SolutionProperties) = preSolution
		HideSolutionNode = FALSE
	EndGlobalSection
	GlobalSection(ExtensibilityGlobals) = postSolution
		SolutionGuid = {65E34C3E-5D3A-4F1D-B0F7-F1FE5EE853FC}
	EndGlobalSection
EndGlobal
